
Microsoft Visual Studio Solution File, Format Version 12.00
# Visual Studio Version 16
VisualStudioVersion = 16.0.32802.440
MinimumVisualStudioVersion = 10.0.40219.1
Project("{FAE04EC0-301F-11D3-BF4B-00C04F79EFBC}") = "Tugas1", "Tugas1\Tugas1.csproj", "{47F8EACB-408E-4C13-B496-E873AEA88A2D}"
EndProject
Global
	GlobalSection(SolutionConfigurationPlatforms) = preSolution
		Debug|Any CPU = Debug|Any CPU
		Release|Any CPU = Release|Any CPU
	EndGlobalSection
	GlobalSection(ProjectConfigurationPlatforms) = postSolution
		{47F8EACB-408E-4C13-B496-E873AEA88A2D}.Debug|Any CPU.ActiveCfg = Debug|Any CPU
		{47F8EACB-408E-4C13-B496-E873AEA88A2D}.Debug|Any CPU.Build.0 = Debug|Any CPU
		{47F8EACB-408E-4C13-B496-E873AEA88A2D}.Release|Any CPU.ActiveCfg = Release|Any CPU
		{47F8EACB-408E-4C13-B496-E873AEA88A2D}.Release|Any CPU.Build.0 = Release|Any CPU
	EndGlobalSection
	GlobalSection(SolutionProperties) = preSolution
		HideSolutionNode = FALSE
	EndGlobalSection
	GlobalSection(ExtensibilityGlobals) = postSolution
		SolutionGuid = {F4C2BF42-AFCA-4CD3-A860-80D5234639A0}
	EndGlobalSection
EndGlobal
